
Microsoft Visual Studio Solution File, Format Version 12.00
# Visual Studio Version 17
VisualStudioVersion = 17.10.35122.118
MinimumVisualStudioVersion = 10.0.40219.1
Project("{FAE04EC0-301F-11D3-BF4B-00C04F79EFBC}") = "Fase1", "Fase1\Fase1.csproj", "{29916BCC-9A8D-4109-BE5F-451DFB8D4215}"
EndProject
Global
	GlobalSection(SolutionConfigurationPlatforms) = preSolution
		Debug|Any CPU = Debug|Any CPU
		Release|Any CPU = Release|Any CPU
	EndGlobalSection
	GlobalSection(ProjectConfigurationPlatforms) = postSolution
		{29916BCC-9A8D-4109-BE5F-451DFB8D4215}.Debug|Any CPU.ActiveCfg = Debug|Any CPU
		{29916BCC-9A8D-4109-BE5F-451DFB8D4215}.Debug|Any CPU.Build.0 = Debug|Any CPU
		{29916BCC-9A8D-4109-BE5F-451DFB8D4215}.Release|Any CPU.ActiveCfg = Release|Any CPU
		{29916BCC-9A8D-4109-BE5F-451DFB8D4215}.Release|Any CPU.Build.0 = Release|Any CPU
	EndGlobalSection
	GlobalSection(SolutionProperties) = preSolution
		HideSolutionNode = FALSE
	EndGlobalSection
	GlobalSection(ExtensibilityGlobals) = postSolution
		SolutionGuid = {FEFE3744-EA67-41E0-8A3E-F673CFE9B123}
	EndGlobalSection
EndGlobal
